
Microsoft Visual Studio Solution File, Format Version 12.00
# Visual Studio Version 16
VisualStudioVersion = 16.0.30503.244
MinimumVisualStudioVersion = 10.0.40219.1
Project("{FAE04EC0-301F-11D3-BF4B-00C04F79EFBC}") = "Reis", "Reis\Reis.csproj", "{42DA19FE-0EF2-44A2-9729-23858791DACA}"
EndProject
Global
	GlobalSection(SolutionConfigurationPlatforms) = preSolution
		Debug|Any CPU = Debug|Any CPU
		Release|Any CPU = Release|Any CPU
	EndGlobalSection
	GlobalSection(ProjectConfigurationPlatforms) = postSolution
		{42DA19FE-0EF2-44A2-9729-23858791DACA}.Debug|Any CPU.ActiveCfg = Debug|Any CPU
		{42DA19FE-0EF2-44A2-9729-23858791DACA}.Debug|Any CPU.Build.0 = Debug|Any CPU
		{42DA19FE-0EF2-44A2-9729-23858791DACA}.Release|Any CPU.ActiveCfg = Release|Any CPU
		{42DA19FE-0EF2-44A2-9729-23858791DACA}.Release|Any CPU.Build.0 = Release|Any CPU
	EndGlobalSection
	GlobalSection(SolutionProperties) = preSolution
		HideSolutionNode = FALSE
	EndGlobalSection
	GlobalSection(ExtensibilityGlobals) = postSolution
		SolutionGuid = {9EB6206B-59D8-492E-92A2-1E1948B5520C}
	EndGlobalSection
EndGlobal
